
Microsoft Visual Studio Solution File, Format Version 12.00
# Visual Studio Version 17
VisualStudioVersion = 17.9.34607.119
MinimumVisualStudioVersion = 10.0.40219.1
Project("{2150E333-8FDC-42A3-9474-1A3956D46DE8}") = "src", "src", "{2931ECD5-52BF-46C5-BA23-64D1521C5459}"
	ProjectSection(SolutionItems) = preProject
		docker-compose.yml = docker-compose.yml
	EndProjectSection
EndProject
Project("{2150E333-8FDC-42A3-9474-1A3956D46DE8}") = "tests", "tests", "{25F2FFCB-5BFE-48E0-94C8-99CBF577C820}"
EndProject
Project("{9A19103F-16F7-4668-BE54-9A1E7A4F7556}") = "CleanArchMvc.Domain.Tests", "tests\CleanArchMvc.Domain.Tests\CleanArchMvc.Domain.Tests.csproj", "{5971FAD8-AF96-48CF-BC5A-E749DCB1FAD4}"
EndProject
Project("{9A19103F-16F7-4668-BE54-9A1E7A4F7556}") = "CleanArchMvc.Application", "src\CleanArchMvc.Application\CleanArchMvc.Application.csproj", "{0FDCB042-580A-4EF3-8DCF-A4752266E57B}"
EndProject
Project("{9A19103F-16F7-4668-BE54-9A1E7A4F7556}") = "CleanArchMvc.Domain", "src\CleanArchMvc.Domain\CleanArchMvc.Domain.csproj", "{A5DE04C6-661A-4E09-BC74-4DE50F28F440}"
EndProject
Project("{9A19103F-16F7-4668-BE54-9A1E7A4F7556}") = "CleanArchMvc.Infra.Data", "src\CleanArchMvc.Infra.Data\CleanArchMvc.Infra.Data.csproj", "{6BFCB964-5291-4A07-BF96-7E6931390651}"
EndProject
Project("{9A19103F-16F7-4668-BE54-9A1E7A4F7556}") = "CleanArchMvc.WebUI", "src\CleanArchMvc.WebUI\CleanArchMvc.WebUI.csproj", "{2C5EFA4F-1022-41F1-885E-EEB71F81CF75}"
EndProject
Project("{9A19103F-16F7-4668-BE54-9A1E7A4F7556}") = "CleanArchMvc.Infra.IoC", "src\CleanArchMvc.Infra.IoC\CleanArchMvc.Infra.IoC.csproj", "{594E89DE-751E-4DDE-81BF-4DF47B4E0CD1}"
EndProject
Global
	GlobalSection(SolutionConfigurationPlatforms) = preSolution
		Debug|Any CPU = Debug|Any CPU
		Release|Any CPU = Release|Any CPU
	EndGlobalSection
	GlobalSection(ProjectConfigurationPlatforms) = postSolution
		{5971FAD8-AF96-48CF-BC5A-E749DCB1FAD4}.Debug|Any CPU.ActiveCfg = Debug|Any CPU
		{5971FAD8-AF96-48CF-BC5A-E749DCB1FAD4}.Debug|Any CPU.Build.0 = Debug|Any CPU
		{5971FAD8-AF96-48CF-BC5A-E749DCB1FAD4}.Release|Any CPU.ActiveCfg = Release|Any CPU
		{5971FAD8-AF96-48CF-BC5A-E749DCB1FAD4}.Release|Any CPU.Build.0 = Release|Any CPU
		{0FDCB042-580A-4EF3-8DCF-A4752266E57B}.Debug|Any CPU.ActiveCfg = Debug|Any CPU
		{0FDCB042-580A-4EF3-8DCF-A4752266E57B}.Debug|Any CPU.Build.0 = Debug|Any CPU
		{0FDCB042-580A-4EF3-8DCF-A4752266E57B}.Release|Any CPU.ActiveCfg = Release|Any CPU
		{0FDCB042-580A-4EF3-8DCF-A4752266E57B}.Release|Any CPU.Build.0 = Release|Any CPU
		{A5DE04C6-661A-4E09-BC74-4DE50F28F440}.Debug|Any CPU.ActiveCfg = Debug|Any CPU
		{A5DE04C6-661A-4E09-BC74-4DE50F28F440}.Debug|Any CPU.Build.0 = Debug|Any CPU
		{A5DE04C6-661A-4E09-BC74-4DE50F28F440}.Release|Any CPU.ActiveCfg = Release|Any CPU
		{A5DE04C6-661A-4E09-BC74-4DE50F28F440}.Release|Any CPU.Build.0 = Release|Any CPU
		{6BFCB964-5291-4A07-BF96-7E6931390651}.Debug|Any CPU.ActiveCfg = Debug|Any CPU
		{6BFCB964-5291-4A07-BF96-7E6931390651}.Debug|Any CPU.Build.0 = Debug|Any CPU
		{6BFCB964-5291-4A07-BF96-7E6931390651}.Release|Any CPU.ActiveCfg = Release|Any CPU
		{6BFCB964-5291-4A07-BF96-7E6931390651}.Release|Any CPU.Build.0 = Release|Any CPU
		{2C5EFA4F-1022-41F1-885E-EEB71F81CF75}.Debug|Any CPU.ActiveCfg = Debug|Any CPU
		{2C5EFA4F-1022-41F1-885E-EEB71F81CF75}.Debug|Any CPU.Build.0 = Debug|Any CPU
		{2C5EFA4F-1022-41F1-885E-EEB71F81CF75}.Release|Any CPU.ActiveCfg = Release|Any CPU
		{2C5EFA4F-1022-41F1-885E-EEB71F81CF75}.Release|Any CPU.Build.0 = Release|Any CPU
		{594E89DE-751E-4DDE-81BF-4DF47B4E0CD1}.Debug|Any CPU.ActiveCfg = Debug|Any CPU
		{594E89DE-751E-4DDE-81BF-4DF47B4E0CD1}.Debug|Any CPU.Build.0 = Debug|Any CPU
		{594E89DE-751E-4DDE-81BF-4DF47B4E0CD1}.Release|Any CPU.ActiveCfg = Release|Any CPU
		{594E89DE-751E-4DDE-81BF-4DF47B4E0CD1}.Release|Any CPU.Build.0 = Release|Any CPU
	EndGlobalSection
	GlobalSection(SolutionProperties) = preSolution
		HideSolutionNode = FALSE
	EndGlobalSection
	GlobalSection(NestedProjects) = preSolution
		{5971FAD8-AF96-48CF-BC5A-E749DCB1FAD4} = {25F2FFCB-5BFE-48E0-94C8-99CBF577C820}
		{0FDCB042-580A-4EF3-8DCF-A4752266E57B} = {2931ECD5-52BF-46C5-BA23-64D1521C5459}
		{A5DE04C6-661A-4E09-BC74-4DE50F28F440} = {2931ECD5-52BF-46C5-BA23-64D1521C5459}
		{6BFCB964-5291-4A07-BF96-7E6931390651} = {2931ECD5-52BF-46C5-BA23-64D1521C5459}
		{2C5EFA4F-1022-41F1-885E-EEB71F81CF75} = {2931ECD5-52BF-46C5-BA23-64D1521C5459}
		{594E89DE-751E-4DDE-81BF-4DF47B4E0CD1} = {2931ECD5-52BF-46C5-BA23-64D1521C5459}
	EndGlobalSection
	GlobalSection(ExtensibilityGlobals) = postSolution
		SolutionGuid = {DAA9FB5F-4D72-47CA-9461-392BBFEE70D5}
	EndGlobalSection
EndGlobal
